
Microsoft Visual Studio Solution File, Format Version 12.00
# Visual Studio 14
VisualStudioVersion = 14.0.24720.0
MinimumVisualStudioVersion = 10.0.40219.1
Project("{FAE04EC0-301F-11D3-BF4B-00C04F79EFBC}") = "CrackingTheCodingInterview", "Cracking_The_Coding_Interview\CrackingTheCodingInterview.csproj", "{C837B10C-B9C0-4DE1-A17B-CA104930AF38}"
EndProject
Project("{888888A0-9F3D-457C-B088-3A5042F75D52}") = "CrackingTheCodingInterview_Python", "CrackingTheCodingInterview_Python\CrackingTheCodingInterview_Python.pyproj", "{424E6728-05C8-4C76-B86A-8EDE5611FD58}"
EndProject
Global
	GlobalSection(SolutionConfigurationPlatforms) = preSolution
		Debug|Any CPU = Debug|Any CPU
		Release|Any CPU = Release|Any CPU
	EndGlobalSection
	GlobalSection(ProjectConfigurationPlatforms) = postSolution
		{C837B10C-B9C0-4DE1-A17B-CA104930AF38}.Debug|Any CPU.ActiveCfg = Debug|Any CPU
		{C837B10C-B9C0-4DE1-A17B-CA104930AF38}.Debug|Any CPU.Build.0 = Debug|Any CPU
		{C837B10C-B9C0-4DE1-A17B-CA104930AF38}.Release|Any CPU.ActiveCfg = Release|Any CPU
		{C837B10C-B9C0-4DE1-A17B-CA104930AF38}.Release|Any CPU.Build.0 = Release|Any CPU
		{424E6728-05C8-4C76-B86A-8EDE5611FD58}.Debug|Any CPU.ActiveCfg = Debug|Any CPU
		{424E6728-05C8-4C76-B86A-8EDE5611FD58}.Release|Any CPU.ActiveCfg = Release|Any CPU
	EndGlobalSection
	GlobalSection(SolutionProperties) = preSolution
		HideSolutionNode = FALSE
	EndGlobalSection
EndGlobal
